
Microsoft Visual Studio Solution File, Format Version 12.00
# Visual Studio 2013
VisualStudioVersion = 12.0.30501.0
MinimumVisualStudioVersion = 10.0.40219.1
Project("{FAE04EC0-301F-11D3-BF4B-00C04F79EFBC}") = "MT", "MT\MT.csproj", "{10EC7EFF-65A4-48A2-930A-B6101C26ECC5}"
EndProject
Global
	GlobalSection(SolutionConfigurationPlatforms) = preSolution
		Debug|x86 = Debug|x86
		Release|x86 = Release|x86
	EndGlobalSection
	GlobalSection(ProjectConfigurationPlatforms) = postSolution
		{10EC7EFF-65A4-48A2-930A-B6101C26ECC5}.Debug|x86.ActiveCfg = Debug|x86
		{10EC7EFF-65A4-48A2-930A-B6101C26ECC5}.Debug|x86.Build.0 = Debug|x86
		{10EC7EFF-65A4-48A2-930A-B6101C26ECC5}.Release|x86.ActiveCfg = Release|x86
		{10EC7EFF-65A4-48A2-930A-B6101C26ECC5}.Release|x86.Build.0 = Release|x86
	EndGlobalSection
	GlobalSection(SolutionProperties) = preSolution
		HideSolutionNode = FALSE
	EndGlobalSection
EndGlobal
